// !$*UTF8*$!
{
	archiveVersion = 1;
	classes = {
	};
	objectVersion = 46;
	objects = {

/* Begin PBXBuildFile section */
		2403E46D1E1F0F6900CADF7F /* newsViewController.swift in Sources */ = {isa = PBXBuildFile; fileRef = 2403E46C1E1F0F6900CADF7F /* newsViewController.swift */; };
		2403E46F1E1F0F9300CADF7F /* theStudentLife.swift in Sources */ = {isa = PBXBuildFile; fileRef = 2403E46E1E1F0F9300CADF7F /* theStudentLife.swift */; };
		2403E4711E1F0F9E00CADF7F /* thePeel.swift in Sources */ = {isa = PBXBuildFile; fileRef = 2403E4701E1F0F9E00CADF7F /* thePeel.swift */; };
		2403E4751E1F0FC800CADF7F /* theMuddraker.swift in Sources */ = {isa = PBXBuildFile; fileRef = 2403E4741E1F0FC800CADF7F /* theMuddraker.swift */; };
		2424D2C71E1FA3B2001FC006 /* cmcForum.swift in Sources */ = {isa = PBXBuildFile; fileRef = 2424D2C61E1FA3B2001FC006 /* cmcForum.swift */; };
		2424D2C91E1FA3C5001FC006 /* scrippsVoice.swift in Sources */ = {isa = PBXBuildFile; fileRef = 2424D2C81E1FA3C5001FC006 /* scrippsVoice.swift */; };
		242B55B11E170E44005D579A /* mainMenuIcons in Resources */ = {isa = PBXBuildFile; fileRef = 242B55B01E170E44005D579A /* mainMenuIcons */; };
		242B55B31E170E49005D579A /* mapCells in Resources */ = {isa = PBXBuildFile; fileRef = 242B55B21E170E49005D579A /* mapCells */; };
		242B55B51E170E4E005D579A /* newsLogos in Resources */ = {isa = PBXBuildFile; fileRef = 242B55B41E170E4E005D579A /* newsLogos */; };
		242B55B71E170E5B005D579A /* schoolMaps in Resources */ = {isa = PBXBuildFile; fileRef = 242B55B61E170E5B005D579A /* schoolMaps */; };
		243A52C51E22361D00F99C45 /* fraryViewController.swift in Sources */ = {isa = PBXBuildFile; fileRef = 243A52C41E22361D00F99C45 /* fraryViewController.swift */; };
		243A52C71E22362900F99C45 /* frankViewController.swift in Sources */ = {isa = PBXBuildFile; fileRef = 243A52C61E22362900F99C45 /* frankViewController.swift */; };
		243A52C91E22363200F99C45 /* pitzerViewController.swift in Sources */ = {isa = PBXBuildFile; fileRef = 243A52C81E22363200F99C45 /* pitzerViewController.swift */; };
		243A52CB1E22363E00F99C45 /* scrippsViewController.swift in Sources */ = {isa = PBXBuildFile; fileRef = 243A52CA1E22363E00F99C45 /* scrippsViewController.swift */; };
		243A52CD1E22364A00F99C45 /* muddViewController.swift in Sources */ = {isa = PBXBuildFile; fileRef = 243A52CC1E22364A00F99C45 /* muddViewController.swift */; };
		243A52CF1E22365100F99C45 /* cmcViewController.swift in Sources */ = {isa = PBXBuildFile; fileRef = 243A52CE1E22365100F99C45 /* cmcViewController.swift */; };
		243A52D11E22FB9000F99C45 /* menuViewController.swift in Sources */ = {isa = PBXBuildFile; fileRef = 243A52D01E22FB9000F99C45 /* menuViewController.swift */; };
		2465CD051E0F68B500A674BD /* AppDelegate.swift in Sources */ = {isa = PBXBuildFile; fileRef = 2465CD041E0F68B500A674BD /* AppDelegate.swift */; };
		2465CD071E0F68B500A674BD /* ViewController.swift in Sources */ = {isa = PBXBuildFile; fileRef = 2465CD061E0F68B500A674BD /* ViewController.swift */; };
		2465CD0A1E0F68B500A674BD /* Main.storyboard in Resources */ = {isa = PBXBuildFile; fileRef = 2465CD081E0F68B500A674BD /* Main.storyboard */; };
		2465CD0C1E0F68B500A674BD /* Assets.xcassets in Resources */ = {isa = PBXBuildFile; fileRef = 2465CD0B1E0F68B500A674BD /* Assets.xcassets */; };
		2465CD0F1E0F68B500A674BD /* LaunchScreen.storyboard in Resources */ = {isa = PBXBuildFile; fileRef = 2465CD0D1E0F68B500A674BD /* LaunchScreen.storyboard */; };
		2465CD681E0FD9A100A674BD /* mapCollectionViewCell.swift in Sources */ = {isa = PBXBuildFile; fileRef = 2465CD671E0FD9A100A674BD /* mapCollectionViewCell.swift */; };
		2465CD6A1E0FD9C300A674BD /* imageViewController.swift in Sources */ = {isa = PBXBuildFile; fileRef = 2465CD691E0FD9C300A674BD /* imageViewController.swift */; };
		2465E3081E1062F600C0CC31 /* mapsViewController.swift in Sources */ = {isa = PBXBuildFile; fileRef = 2465E3071E1062F600C0CC31 /* mapsViewController.swift */; };
		24C215B61E1D0E0D00DE287D /* athleticsViewController.swift in Sources */ = {isa = PBXBuildFile; fileRef = 24C215B51E1D0E0D00DE287D /* athleticsViewController.swift */; };
		24C215B81E1D0E2A00DE287D /* sagehenAthletics.swift in Sources */ = {isa = PBXBuildFile; fileRef = 24C215B71E1D0E2A00DE287D /* sagehenAthletics.swift */; };
		24C215BA1E1D0E3700DE287D /* CMSAthletics.swift in Sources */ = {isa = PBXBuildFile; fileRef = 24C215B91E1D0E3700DE287D /* CMSAthletics.swift */; };
		24C674151E179B38002B4417 /* blue.jpg in Resources */ = {isa = PBXBuildFile; fileRef = 24C674131E179B38002B4417 /* blue.jpg */; };
		24C674161E179B38002B4417 /* staghenLarge.png in Resources */ = {isa = PBXBuildFile; fileRef = 24C674141E179B38002B4417 /* staghenLarge.png */; };
		24D98B101E21144100602C69 /* aboutViewController.swift in Sources */ = {isa = PBXBuildFile; fileRef = 24D98B0F1E21144100602C69 /* aboutViewController.swift */; };
		24DE96341E21E90B002866C3 /* hours.swift in Sources */ = {isa = PBXBuildFile; fileRef = 24DE96331E21E90B002866C3 /* hours.swift */; };
		24DE96361E22042A002866C3 /* placeHours.swift in Sources */ = {isa = PBXBuildFile; fileRef = 24DE96351E22042A002866C3 /* placeHours.swift */; };
		24E35A8D1E1E538D00012D4B /* ImageScrollView.swift in Sources */ = {isa = PBXBuildFile; fileRef = 24E35A8C1E1E538D00012D4B /* ImageScrollView.swift */; };
		24E4D17C1E1F288C00166D08 /* linksViewController.swift in Sources */ = {isa = PBXBuildFile; fileRef = 24E4D17B1E1F288C00166D08 /* linksViewController.swift */; };
		24E4D17E1E1F28A000166D08 /* claremontCash.swift in Sources */ = {isa = PBXBuildFile; fileRef = 24E4D17D1E1F28A000166D08 /* claremontCash.swift */; };
		24E4D1821E1F28C300166D08 /* claremontVillage.swift in Sources */ = {isa = PBXBuildFile; fileRef = 24E4D1811E1F28C300166D08 /* claremontVillage.swift */; };
		24E4D1841E1F28EA00166D08 /* laMetro.swift in Sources */ = {isa = PBXBuildFile; fileRef = 24E4D1831E1F28EA00166D08 /* laMetro.swift */; };
/* End PBXBuildFile section */

/* Begin PBXFileReference section */
		2403E46C1E1F0F6900CADF7F /* newsViewController.swift */ = {isa = PBXFileReference; fileEncoding = 4; lastKnownFileType = sourcecode.swift; path = newsViewController.swift; sourceTree = "<group>"; };
		2403E46E1E1F0F9300CADF7F /* theStudentLife.swift */ = {isa = PBXFileReference; fileEncoding = 4; lastKnownFileType = sourcecode.swift; path = theStudentLife.swift; sourceTree = "<group>"; };
		2403E4701E1F0F9E00CADF7F /* thePeel.swift */ = {isa = PBXFileReference; fileEncoding = 4; lastKnownFileType = sourcecode.swift; path = thePeel.swift; sourceTree = "<group>"; };
		2403E4741E1F0FC800CADF7F /* theMuddraker.swift */ = {isa = PBXFileReference; fileEncoding = 4; lastKnownFileType = sourcecode.swift; path = theMuddraker.swift; sourceTree = "<group>"; };
		2424D2C61E1FA3B2001FC006 /* cmcForum.swift */ = {isa = PBXFileReference; fileEncoding = 4; lastKnownFileType = sourcecode.swift; path = cmcForum.swift; sourceTree = "<group>"; };
		2424D2C81E1FA3C5001FC006 /* scrippsVoice.swift */ = {isa = PBXFileReference; fileEncoding = 4; lastKnownFileType = sourcecode.swift; path = scrippsVoice.swift; sourceTree = "<group>"; };
		242B55B01E170E44005D579A /* mainMenuIcons */ = {isa = PBXFileReference; lastKnownFileType = folder; name = mainMenuIcons; path = "5C Friend-2/mainMenuIcons"; sourceTree = "<group>"; };
		242B55B21E170E49005D579A /* mapCells */ = {isa = PBXFileReference; lastKnownFileType = folder; name = mapCells; path = "5C Friend-2/mapCells"; sourceTree = "<group>"; };
		242B55B41E170E4E005D579A /* newsLogos */ = {isa = PBXFileReference; lastKnownFileType = folder; name = newsLogos; path = "5C Friend-2/newsLogos"; sourceTree = "<group>"; };
		242B55B61E170E5B005D579A /* schoolMaps */ = {isa = PBXFileReference; lastKnownFileType = folder; name = schoolMaps; path = "5C Friend-2/schoolMaps"; sourceTree = "<group>"; };
		243A52C41E22361D00F99C45 /* fraryViewController.swift */ = {isa = PBXFileReference; fileEncoding = 4; lastKnownFileType = sourcecode.swift; path = fraryViewController.swift; sourceTree = "<group>"; };
		243A52C61E22362900F99C45 /* frankViewController.swift */ = {isa = PBXFileReference; fileEncoding = 4; lastKnownFileType = sourcecode.swift; path = frankViewController.swift; sourceTree = "<group>"; };
		243A52C81E22363200F99C45 /* pitzerViewController.swift */ = {isa = PBXFileReference; fileEncoding = 4; lastKnownFileType = sourcecode.swift; path = pitzerViewController.swift; sourceTree = "<group>"; };
		243A52CA1E22363E00F99C45 /* scrippsViewController.swift */ = {isa = PBXFileReference; fileEncoding = 4; lastKnownFileType = sourcecode.swift; path = scrippsViewController.swift; sourceTree = "<group>"; };
		243A52CC1E22364A00F99C45 /* muddViewController.swift */ = {isa = PBXFileReference; fileEncoding = 4; lastKnownFileType = sourcecode.swift; path = muddViewController.swift; sourceTree = "<group>"; };
		243A52CE1E22365100F99C45 /* cmcViewController.swift */ = {isa = PBXFileReference; fileEncoding = 4; lastKnownFileType = sourcecode.swift; path = cmcViewController.swift; sourceTree = "<group>"; };
		243A52D01E22FB9000F99C45 /* menuViewController.swift */ = {isa = PBXFileReference; fileEncoding = 4; lastKnownFileType = sourcecode.swift; path = menuViewController.swift; sourceTree = "<group>"; };
		2465CD011E0F68B500A674BD /* 5C Friend.app */ = {isa = PBXFileReference; explicitFileType = wrapper.application; includeInIndex = 0; path = "5C Friend.app"; sourceTree = BUILT_PRODUCTS_DIR; };
		2465CD041E0F68B500A674BD /* AppDelegate.swift */ = {isa = PBXFileReference; lastKnownFileType = sourcecode.swift; path = AppDelegate.swift; sourceTree = "<group>"; };
		2465CD061E0F68B500A674BD /* ViewController.swift */ = {isa = PBXFileReference; lastKnownFileType = sourcecode.swift; path = ViewController.swift; sourceTree = "<group>"; };
		2465CD091E0F68B500A674BD /* Base */ = {isa = PBXFileReference; lastKnownFileType = file.storyboard; name = Base; path = Base.lproj/Main.storyboard; sourceTree = "<group>"; };
		2465CD0B1E0F68B500A674BD /* Assets.xcassets */ = {isa = PBXFileReference; lastKnownFileType = folder.assetcatalog; path = Assets.xcassets; sourceTree = "<group>"; };
		2465CD0E1E0F68B500A674BD /* Base */ = {isa = PBXFileReference; lastKnownFileType = file.storyboard; name = Base; path = Base.lproj/LaunchScreen.storyboard; sourceTree = "<group>"; };
		2465CD101E0F68B500A674BD /* Info.plist */ = {isa = PBXFileReference; lastKnownFileType = text.plist.xml; path = Info.plist; sourceTree = "<group>"; };
		2465CD671E0FD9A100A674BD /* mapCollectionViewCell.swift */ = {isa = PBXFileReference; fileEncoding = 4; lastKnownFileType = sourcecode.swift; path = mapCollectionViewCell.swift; sourceTree = "<group>"; };
		2465CD691E0FD9C300A674BD /* imageViewController.swift */ = {isa = PBXFileReference; fileEncoding = 4; lastKnownFileType = sourcecode.swift; path = imageViewController.swift; sourceTree = "<group>"; };
		2465E3071E1062F600C0CC31 /* mapsViewController.swift */ = {isa = PBXFileReference; fileEncoding = 4; lastKnownFileType = sourcecode.swift; path = mapsViewController.swift; sourceTree = "<group>"; };
		24C215B51E1D0E0D00DE287D /* athleticsViewController.swift */ = {isa = PBXFileReference; fileEncoding = 4; lastKnownFileType = sourcecode.swift; path = athleticsViewController.swift; sourceTree = "<group>"; };
		24C215B71E1D0E2A00DE287D /* sagehenAthletics.swift */ = {isa = PBXFileReference; fileEncoding = 4; lastKnownFileType = sourcecode.swift; path = sagehenAthletics.swift; sourceTree = "<group>"; };
		24C215B91E1D0E3700DE287D /* CMSAthletics.swift */ = {isa = PBXFileReference; fileEncoding = 4; lastKnownFileType = sourcecode.swift; path = CMSAthletics.swift; sourceTree = "<group>"; };
		24C674131E179B38002B4417 /* blue.jpg */ = {isa = PBXFileReference; lastKnownFileType = image.jpeg; name = blue.jpg; path = "5C Friend-2/background:misc./blue.jpg"; sourceTree = "<group>"; };
		24C674141E179B38002B4417 /* staghenLarge.png */ = {isa = PBXFileReference; lastKnownFileType = image.png; name = staghenLarge.png; path = "5C Friend-2/background:misc./staghenLarge.png"; sourceTree = "<group>"; };
		24D98B0F1E21144100602C69 /* aboutViewController.swift */ = {isa = PBXFileReference; fileEncoding = 4; lastKnownFileType = sourcecode.swift; path = aboutViewController.swift; sourceTree = "<group>"; };
		24DE96331E21E90B002866C3 /* hours.swift */ = {isa = PBXFileReference; fileEncoding = 4; lastKnownFileType = sourcecode.swift; path = hours.swift; sourceTree = "<group>"; };
		24DE96351E22042A002866C3 /* placeHours.swift */ = {isa = PBXFileReference; fileEncoding = 4; lastKnownFileType = sourcecode.swift; path = placeHours.swift; sourceTree = "<group>"; };
		24E35A8C1E1E538D00012D4B /* ImageScrollView.swift */ = {isa = PBXFileReference; fileEncoding = 4; lastKnownFileType = sourcecode.swift; path = ImageScrollView.swift; sourceTree = "<group>"; };
		24E4D17B1E1F288C00166D08 /* linksViewController.swift */ = {isa = PBXFileReference; fileEncoding = 4; lastKnownFileType = sourcecode.swift; path = linksViewController.swift; sourceTree = "<group>"; };
		24E4D17D1E1F28A000166D08 /* claremontCash.swift */ = {isa = PBXFileReference; fileEncoding = 4; lastKnownFileType = sourcecode.swift; path = claremontCash.swift; sourceTree = "<group>"; };
		24E4D1811E1F28C300166D08 /* claremontVillage.swift */ = {isa = PBXFileReference; fileEncoding = 4; lastKnownFileType = sourcecode.swift; path = claremontVillage.swift; sourceTree = "<group>"; };
		24E4D1831E1F28EA00166D08 /* laMetro.swift */ = {isa = PBXFileReference; fileEncoding = 4; lastKnownFileType = sourcecode.swift; path = laMetro.swift; sourceTree = "<group>"; };
/* End PBXFileReference section */

/* Begin PBXFrameworksBuildPhase section */
		2465CCFE1E0F68B500A674BD /* Frameworks */ = {
			isa = PBXFrameworksBuildPhase;
			buildActionMask = 2147483647;
			files = (
			);
			runOnlyForDeploymentPostprocessing = 0;
		};
/* End PBXFrameworksBuildPhase section */

/* Begin PBXGroup section */
		2465CCF81E0F68B500A674BD = {
			isa = PBXGroup;
			children = (
				2465CD2C1E0F898F00A674BD /* Photos */,
				2465CD031E0F68B500A674BD /* 5C Friend */,
				2465CD021E0F68B500A674BD /* Products */,
			);
			sourceTree = "<group>";
		};
		2465CD021E0F68B500A674BD /* Products */ = {
			isa = PBXGroup;
			children = (
				2465CD011E0F68B500A674BD /* 5C Friend.app */,
			);
			name = Products;
			sourceTree = "<group>";
		};
		2465CD031E0F68B500A674BD /* 5C Friend */ = {
			isa = PBXGroup;
			children = (
				2465CD041E0F68B500A674BD /* AppDelegate.swift */,
				2465CD061E0F68B500A674BD /* ViewController.swift */,
				24EBB0291E13CA5900F0742B /* Menu Feature */,
				24669CF11E106A0900CDC2B4 /* Maps Feature */,
				24EBB03B1E13DE4200F0742B /* News Feature */,
				24EBB04A1E13E7C500F0742B /* Links Feature */,
				24EBB0341E13DC3400F0742B /* Athletics Feature */,
				24EBB0511E13F06400F0742B /* About */,
				2465CD0B1E0F68B500A674BD /* Assets.xcassets */,
				2465CD081E0F68B500A674BD /* Main.storyboard */,
				2465CD0D1E0F68B500A674BD /* LaunchScreen.storyboard */,
				2465CD101E0F68B500A674BD /* Info.plist */,
			);
			name = "5C Friend";
			path = "5C Friend-2";
			sourceTree = "<group>";
		};
		2465CD2C1E0F898F00A674BD /* Photos */ = {
			isa = PBXGroup;
			children = (
				24C674181E179B4B002B4417 /* background/misc */,
				242B55B61E170E5B005D579A /* schoolMaps */,
				242B55B41E170E4E005D579A /* newsLogos */,
				242B55B21E170E49005D579A /* mapCells */,
				242B55B01E170E44005D579A /* mainMenuIcons */,
			);
			name = Photos;
			sourceTree = "<group>";
		};
		24669CF11E106A0900CDC2B4 /* Maps Feature */ = {
			isa = PBXGroup;
			children = (
				2465E3071E1062F600C0CC31 /* mapsViewController.swift */,
				2465CD691E0FD9C300A674BD /* imageViewController.swift */,
				24E35A8C1E1E538D00012D4B /* ImageScrollView.swift */,
				2465CD671E0FD9A100A674BD /* mapCollectionViewCell.swift */,
			);
			name = "Maps Feature";
			sourceTree = "<group>";
		};
		24C674181E179B4B002B4417 /* background/misc */ = {
			isa = PBXGroup;
			children = (
				24C674131E179B38002B4417 /* blue.jpg */,
				24C674141E179B38002B4417 /* staghenLarge.png */,
			);
			name = background/misc;
			sourceTree = "<group>";
		};
		24EBB0291E13CA5900F0742B /* Menu Feature */ = {
			isa = PBXGroup;
			children = (
				243A52C41E22361D00F99C45 /* fraryViewController.swift */,
				243A52C61E22362900F99C45 /* frankViewController.swift */,
				243A52C81E22363200F99C45 /* pitzerViewController.swift */,
				243A52CA1E22363E00F99C45 /* scrippsViewController.swift */,
				243A52CC1E22364A00F99C45 /* muddViewController.swift */,
				243A52CE1E22365100F99C45 /* cmcViewController.swift */,
				243A52D01E22FB9000F99C45 /* menuViewController.swift */,
			);
			name = "Menu Feature";
			path = ..;
			sourceTree = "<group>";
		};
		24EBB0341E13DC3400F0742B /* Athletics Feature */ = {
			isa = PBXGroup;
			children = (
				24C215B51E1D0E0D00DE287D /* athleticsViewController.swift */,
				24C215B71E1D0E2A00DE287D /* sagehenAthletics.swift */,
				24C215B91E1D0E3700DE287D /* CMSAthletics.swift */,
			);
			name = "Athletics Feature";
			sourceTree = "<group>";
		};
		24EBB03B1E13DE4200F0742B /* News Feature */ = {
			isa = PBXGroup;
			children = (
				2403E46C1E1F0F6900CADF7F /* newsViewController.swift */,
				2403E46E1E1F0F9300CADF7F /* theStudentLife.swift */,
				2403E4701E1F0F9E00CADF7F /* thePeel.swift */,
				2424D2C61E1FA3B2001FC006 /* cmcForum.swift */,
				2403E4741E1F0FC800CADF7F /* theMuddraker.swift */,
				2424D2C81E1FA3C5001FC006 /* scrippsVoice.swift */,
			);
			name = "News Feature";
			sourceTree = "<group>";
		};
		24EBB04A1E13E7C500F0742B /* Links Feature */ = {
			isa = PBXGroup;
			children = (
				24E4D17B1E1F288C00166D08 /* linksViewController.swift */,
				24E4D17D1E1F28A000166D08 /* claremontCash.swift */,
				24E4D1811E1F28C300166D08 /* claremontVillage.swift */,
				24E4D1831E1F28EA00166D08 /* laMetro.swift */,
				24DE96331E21E90B002866C3 /* hours.swift */,
				24DE96351E22042A002866C3 /* placeHours.swift */,
			);
			name = "Links Feature";
			sourceTree = "<group>";
		};
		24EBB0511E13F06400F0742B /* About */ = {
			isa = PBXGroup;
			children = (
				24D98B0F1E21144100602C69 /* aboutViewController.swift */,
			);
			name = About;
			sourceTree = "<group>";
		};
/* End PBXGroup section */

/* Begin PBXNativeTarget section */
		2465CD001E0F68B500A674BD /* 5C Friend */ = {
			isa = PBXNativeTarget;
			buildConfigurationList = 2465CD131E0F68B500A674BD /* Build configuration list for PBXNativeTarget "5C Friend" */;
			buildPhases = (
				2465CCFD1E0F68B500A674BD /* Sources */,
				2465CCFE1E0F68B500A674BD /* Frameworks */,
				2465CCFF1E0F68B500A674BD /* Resources */,
			);
			buildRules = (
			);
			dependencies = (
			);
			name = "5C Friend";
			productName = "5C Friend-2";
			productReference = 2465CD011E0F68B500A674BD /* 5C Friend.app */;
			productType = "com.apple.product-type.application";
		};
/* End PBXNativeTarget section */

/* Begin PBXProject section */
		2465CCF91E0F68B500A674BD /* Project object */ = {
			isa = PBXProject;
			attributes = {
				LastSwiftUpdateCheck = 0820;
				LastUpgradeCheck = 0820;
				ORGANIZATIONNAME = "Parth Desai";
				TargetAttributes = {
					2465CD001E0F68B500A674BD = {
						CreatedOnToolsVersion = 8.2.1;
						DevelopmentTeam = KF29YMGV9R;
						LastSwiftMigration = 0820;
						ProvisioningStyle = Automatic;
						SystemCapabilities = {
							com.apple.Push = {
								enabled = 0;
							};
						};
					};
				};
			};
			buildConfigurationList = 2465CCFC1E0F68B500A674BD /* Build configuration list for PBXProject "5C Friend" */;
			compatibilityVersion = "Xcode 3.2";
			developmentRegion = English;
			hasScannedForEncodings = 0;
			knownRegions = (
				en,
				Base,
			);
			mainGroup = 2465CCF81E0F68B500A674BD;
			productRefGroup = 2465CD021E0F68B500A674BD /* Products */;
			projectDirPath = "";
			projectRoot = "";
			targets = (
				2465CD001E0F68B500A674BD /* 5C Friend */,
			);
		};
/* End PBXProject section */

/* Begin PBXResourcesBuildPhase section */
		2465CCFF1E0F68B500A674BD /* Resources */ = {
			isa = PBXResourcesBuildPhase;
			buildActionMask = 2147483647;
			files = (
				2465CD0F1E0F68B500A674BD /* LaunchScreen.storyboard in Resources */,
				242B55B11E170E44005D579A /* mainMenuIcons in Resources */,
				242B55B71E170E5B005D579A /* schoolMaps in Resources */,
				24C674161E179B38002B4417 /* staghenLarge.png in Resources */,
				242B55B51E170E4E005D579A /* newsLogos in Resources */,
				242B55B31E170E49005D579A /* mapCells in Resources */,
				24C674151E179B38002B4417 /* blue.jpg in Resources */,
				2465CD0C1E0F68B500A674BD /* Assets.xcassets in Resources */,
				2465CD0A1E0F68B500A674BD /* Main.storyboard in Resources */,
			);
			runOnlyForDeploymentPostprocessing = 0;
		};
/* End PBXResourcesBuildPhase section */

/* Begin PBXSourcesBuildPhase section */
		2465CCFD1E0F68B500A674BD /* Sources */ = {
			isa = PBXSourcesBuildPhase;
			buildActionMask = 2147483647;
			files = (
				24C215B61E1D0E0D00DE287D /* athleticsViewController.swift in Sources */,
				2424D2C91E1FA3C5001FC006 /* scrippsVoice.swift in Sources */,
				2465CD071E0F68B500A674BD /* ViewController.swift in Sources */,
				24E4D1821E1F28C300166D08 /* claremontVillage.swift in Sources */,
				2465CD051E0F68B500A674BD /* AppDelegate.swift in Sources */,
				243A52C71E22362900F99C45 /* frankViewController.swift in Sources */,
				2403E46F1E1F0F9300CADF7F /* theStudentLife.swift in Sources */,
				2465CD681E0FD9A100A674BD /* mapCollectionViewCell.swift in Sources */,
				24DE96341E21E90B002866C3 /* hours.swift in Sources */,
				2465E3081E1062F600C0CC31 /* mapsViewController.swift in Sources */,
				243A52C51E22361D00F99C45 /* fraryViewController.swift in Sources */,
				24C215B81E1D0E2A00DE287D /* sagehenAthletics.swift in Sources */,
				24E4D17E1E1F28A000166D08 /* claremontCash.swift in Sources */,
				24E4D17C1E1F288C00166D08 /* linksViewController.swift in Sources */,
				2465CD6A1E0FD9C300A674BD /* imageViewController.swift in Sources */,
				243A52C91E22363200F99C45 /* pitzerViewController.swift in Sources */,
				243A52CF1E22365100F99C45 /* cmcViewController.swift in Sources */,
				2403E46D1E1F0F6900CADF7F /* newsViewController.swift in Sources */,
				2424D2C71E1FA3B2001FC006 /* cmcForum.swift in Sources */,
				24E4D1841E1F28EA00166D08 /* laMetro.swift in Sources */,
				2403E4751E1F0FC800CADF7F /* theMuddraker.swift in Sources */,
				24D98B101E21144100602C69 /* aboutViewController.swift in Sources */,
				2403E4711E1F0F9E00CADF7F /* thePeel.swift in Sources */,
				24C215BA1E1D0E3700DE287D /* CMSAthletics.swift in Sources */,
				243A52D11E22FB9000F99C45 /* menuViewController.swift in Sources */,
				24E35A8D1E1E538D00012D4B /* ImageScrollView.swift in Sources */,
				24DE96361E22042A002866C3 /* placeHours.swift in Sources */,
				243A52CB1E22363E00F99C45 /* scrippsViewController.swift in Sources */,
				243A52CD1E22364A00F99C45 /* muddViewController.swift in Sources */,
			);
			runOnlyForDeploymentPostprocessing = 0;
		};
/* End PBXSourcesBuildPhase section */

/* Begin PBXVariantGroup section */
		2465CD081E0F68B500A674BD /* Main.storyboard */ = {
			isa = PBXVariantGroup;
			children = (
				2465CD091E0F68B500A674BD /* Base */,
			);
			name = Main.storyboard;
			sourceTree = "<group>";
		};
		2465CD0D1E0F68B500A674BD /* LaunchScreen.storyboard */ = {
			isa = PBXVariantGroup;
			children = (
				2465CD0E1E0F68B500A674BD /* Base */,
			);
			name = LaunchScreen.storyboard;
			sourceTree = "<group>";
		};
/* End PBXVariantGroup section */

/* Begin XCBuildConfiguration section */
		2465CD111E0F68B500A674BD /* Debug */ = {
			isa = XCBuildConfiguration;
			buildSettings = {
				ALWAYS_SEARCH_USER_PATHS = NO;
				CLANG_ANALYZER_NONNULL = YES;
				CLANG_CXX_LANGUAGE_STANDARD = "gnu++0x";
				CLANG_CXX_LIBRARY = "libc++";
				CLANG_ENABLE_MODULES = YES;
				CLANG_ENABLE_OBJC_ARC = YES;
				CLANG_WARN_BOOL_CONVERSION = YES;
				CLANG_WARN_CONSTANT_CONVERSION = YES;
				CLANG_WARN_DIRECT_OBJC_ISA_USAGE = YES_ERROR;
				CLANG_WARN_DOCUMENTATION_COMMENTS = YES;
				CLANG_WARN_EMPTY_BODY = YES;
				CLANG_WARN_ENUM_CONVERSION = YES;
				CLANG_WARN_INFINITE_RECURSION = YES;
				CLANG_WARN_INT_CONVERSION = YES;
				CLANG_WARN_OBJC_ROOT_CLASS = YES_ERROR;
				CLANG_WARN_SUSPICIOUS_MOVE = YES;
				CLANG_WARN_UNREACHABLE_CODE = YES;
				CLANG_WARN__DUPLICATE_METHOD_MATCH = YES;
				"CODE_SIGN_IDENTITY[sdk=iphoneos*]" = "iPhone Developer";
				COPY_PHASE_STRIP = NO;
				DEBUG_INFORMATION_FORMAT = dwarf;
				ENABLE_STRICT_OBJC_MSGSEND = YES;
				ENABLE_TESTABILITY = YES;
				GCC_C_LANGUAGE_STANDARD = gnu99;
				GCC_DYNAMIC_NO_PIC = NO;
				GCC_NO_COMMON_BLOCKS = YES;
				GCC_OPTIMIZATION_LEVEL = 0;
				GCC_PREPROCESSOR_DEFINITIONS = (
					"DEBUG=1",
					"$(inherited)",
				);
				GCC_WARN_64_TO_32_BIT_CONVERSION = YES;
				GCC_WARN_ABOUT_RETURN_TYPE = YES_ERROR;
				GCC_WARN_UNDECLARED_SELECTOR = YES;
				GCC_WARN_UNINITIALIZED_AUTOS = YES_AGGRESSIVE;
				GCC_WARN_UNUSED_FUNCTION = YES;
				GCC_WARN_UNUSED_VARIABLE = YES;
				IPHONEOS_DEPLOYMENT_TARGET = 10.2;
				MTL_ENABLE_DEBUG_INFO = YES;
				ONLY_ACTIVE_ARCH = YES;
				SDKROOT = iphoneos;
				SWIFT_ACTIVE_COMPILATION_CONDITIONS = DEBUG;
				SWIFT_OPTIMIZATION_LEVEL = "-Onone";
			};
			name = Debug;
		};
		2465CD121E0F68B500A674BD /* Release */ = {
			isa = XCBuildConfiguration;
			buildSettings = {
				ALWAYS_SEARCH_USER_PATHS = NO;
				CLANG_ANALYZER_NONNULL = YES;
				CLANG_CXX_LANGUAGE_STANDARD = "gnu++0x";
				CLANG_CXX_LIBRARY = "libc++";
				CLANG_ENABLE_MODULES = YES;
				CLANG_ENABLE_OBJC_ARC = YES;
				CLANG_WARN_BOOL_CONVERSION = YES;
				CLANG_WARN_CONSTANT_CONVERSION = YES;
				CLANG_WARN_DIRECT_OBJC_ISA_USAGE = YES_ERROR;
				CLANG_WARN_DOCUMENTATION_COMMENTS = YES;
				CLANG_WARN_EMPTY_BODY = YES;
				CLANG_WARN_ENUM_CONVERSION = YES;
				CLANG_WARN_INFINITE_RECURSION = YES;
				CLANG_WARN_INT_CONVERSION = YES;
				CLANG_WARN_OBJC_ROOT_CLASS = YES_ERROR;
				CLANG_WARN_SUSPICIOUS_MOVE = YES;
				CLANG_WARN_UNREACHABLE_CODE = YES;
				CLANG_WARN__DUPLICATE_METHOD_MATCH = YES;
				"CODE_SIGN_IDENTITY[sdk=iphoneos*]" = "iPhone Developer";
				COPY_PHASE_STRIP = NO;
				DEBUG_INFORMATION_FORMAT = "dwarf-with-dsym";
				ENABLE_NS_ASSERTIONS = NO;
				ENABLE_STRICT_OBJC_MSGSEND = YES;
				GCC_C_LANGUAGE_STANDARD = gnu99;
				GCC_NO_COMMON_BLOCKS = YES;
				GCC_WARN_64_TO_32_BIT_CONVERSION = YES;
				GCC_WARN_ABOUT_RETURN_TYPE = YES_ERROR;
				GCC_WARN_UNDECLARED_SELECTOR = YES;
				GCC_WARN_UNINITIALIZED_AUTOS = YES_AGGRESSIVE;
				GCC_WARN_UNUSED_FUNCTION = YES;
				GCC_WARN_UNUSED_VARIABLE = YES;
				IPHONEOS_DEPLOYMENT_TARGET = 10.2;
				MTL_ENABLE_DEBUG_INFO = NO;
				SDKROOT = iphoneos;
				SWIFT_OPTIMIZATION_LEVEL = "-Owholemodule";
				VALIDATE_PRODUCT = YES;
			};
			name = Release;
		};
		2465CD141E0F68B500A674BD /* Debug */ = {
			isa = XCBuildConfiguration;
			buildSettings = {
				ASSETCATALOG_COMPILER_APPICON_NAME = AppIcon;
				CLANG_ENABLE_MODULES = YES;
				DEVELOPMENT_TEAM = KF29YMGV9R;
				ENABLE_BITCODE = YES;
				INFOPLIST_FILE = "5C Friend-2/Info.plist";
				IPHONEOS_DEPLOYMENT_TARGET = 10.0;
				LD_RUNPATH_SEARCH_PATHS = "$(inherited) @executable_path/Frameworks";
				PRODUCT_BUNDLE_IDENTIFIER = "com.parth-m-desai.5CFriend-2";
				PRODUCT_NAME = "$(TARGET_NAME)";
				SWIFT_OPTIMIZATION_LEVEL = "-Onone";
				SWIFT_VERSION = 3.0;
			};
			name = Debug;
		};
		2465CD151E0F68B500A674BD /* Release */ = {
			isa = XCBuildConfiguration;
			buildSettings = {
				ASSETCATALOG_COMPILER_APPICON_NAME = AppIcon;
				CLANG_ENABLE_MODULES = YES;
				DEVELOPMENT_TEAM = KF29YMGV9R;
				ENABLE_BITCODE = YES;
				INFOPLIST_FILE = "5C Friend-2/Info.plist";
				IPHONEOS_DEPLOYMENT_TARGET = 10.0;
				LD_RUNPATH_SEARCH_PATHS = "$(inherited) @executable_path/Frameworks";
				PRODUCT_BUNDLE_IDENTIFIER = "com.parth-m-desai.5CFriend-2";
				PRODUCT_NAME = "$(TARGET_NAME)";
				SWIFT_VERSION = 3.0;
			};
			name = Release;
		};
/* End XCBuildConfiguration section */

/* Begin XCConfigurationList section */
		2465CCFC1E0F68B500A674BD /* Build configuration list for PBXProject "5C Friend" */ = {
			isa = XCConfigurationList;
			buildConfigurations = (
				2465CD111E0F68B500A674BD /* Debug */,
				2465CD121E0F68B500A674BD /* Release */,
			);
			defaultConfigurationIsVisible = 0;
			defaultConfigurationName = Release;
		};
		2465CD131E0F68B500A674BD /* Build configuration list for PBXNativeTarget "5C Friend" */ = {
			isa = XCConfigurationList;
			buildConfigurations = (
				2465CD141E0F68B500A674BD /* Debug */,
				2465CD151E0F68B500A674BD /* Release */,
			);
			defaultConfigurationIsVisible = 0;
			defaultConfigurationName = Release;
		};
/* End XCConfigurationList section */
	};
	rootObject = 2465CCF91E0F68B500A674BD /* Project object */;
}
